
Microsoft Visual Studio Solution File, Format Version 12.00
# Visual Studio 2012
Project("{FAE04EC0-301F-11D3-BF4B-00C04F79EFBC}") = "SPARXEAAutomation", "SPARXEAAutomation\SPARXEAAutomation.csproj", "{6B73FED7-9CC2-4431-AB2A-87466F76B60A}"
EndProject
Project("{FAE04EC0-301F-11D3-BF4B-00C04F79EFBC}") = "EASparxApi", "EASparxApi\EASparxApi.csproj", "{84BFC361-B6F4-48A5-9099-5D8811359681}"
EndProject
Project("{FAE04EC0-301F-11D3-BF4B-00C04F79EFBC}") = "SPARXEADatamodel", "SPARXEADatamodel\SPARXEADatamodel.csproj", "{C7EFEF3A-E578-4A89-9AC8-715F95CFDD6B}"
EndProject
Global
	GlobalSection(SolutionConfigurationPlatforms) = preSolution
		Debug|Any CPU = Debug|Any CPU
		Release|Any CPU = Release|Any CPU
	EndGlobalSection
	GlobalSection(ProjectConfigurationPlatforms) = postSolution
		{6B73FED7-9CC2-4431-AB2A-87466F76B60A}.Debug|Any CPU.ActiveCfg = Debug|Any CPU
		{6B73FED7-9CC2-4431-AB2A-87466F76B60A}.Debug|Any CPU.Build.0 = Debug|Any CPU
		{6B73FED7-9CC2-4431-AB2A-87466F76B60A}.Release|Any CPU.ActiveCfg = Release|Any CPU
		{6B73FED7-9CC2-4431-AB2A-87466F76B60A}.Release|Any CPU.Build.0 = Release|Any CPU
		{84BFC361-B6F4-48A5-9099-5D8811359681}.Debug|Any CPU.ActiveCfg = Debug|Any CPU
		{84BFC361-B6F4-48A5-9099-5D8811359681}.Debug|Any CPU.Build.0 = Debug|Any CPU
		{84BFC361-B6F4-48A5-9099-5D8811359681}.Release|Any CPU.ActiveCfg = Release|Any CPU
		{84BFC361-B6F4-48A5-9099-5D8811359681}.Release|Any CPU.Build.0 = Release|Any CPU
		{C7EFEF3A-E578-4A89-9AC8-715F95CFDD6B}.Debug|Any CPU.ActiveCfg = Debug|Any CPU
		{C7EFEF3A-E578-4A89-9AC8-715F95CFDD6B}.Debug|Any CPU.Build.0 = Debug|Any CPU
		{C7EFEF3A-E578-4A89-9AC8-715F95CFDD6B}.Release|Any CPU.ActiveCfg = Release|Any CPU
		{C7EFEF3A-E578-4A89-9AC8-715F95CFDD6B}.Release|Any CPU.Build.0 = Release|Any CPU
	EndGlobalSection
	GlobalSection(SolutionProperties) = preSolution
		HideSolutionNode = FALSE
	EndGlobalSection
EndGlobal
